
Microsoft Visual Studio Solution File, Format Version 11.00
# Visual Studio 2010
Project("{8BC9CEB8-8B4A-11D0-8D11-00A0C91BC942}") = "Project7", "Project7\Project7.vcxproj", "{79178A69-5EED-4ED1-A065-C5140B189EA9}"
EndProject
Global
	GlobalSection(SolutionConfigurationPlatforms) = preSolution
		Debug|Win32 = Debug|Win32
		Release|Win32 = Release|Win32
	EndGlobalSection
	GlobalSection(ProjectConfigurationPlatforms) = postSolution
		{79178A69-5EED-4ED1-A065-C5140B189EA9}.Debug|Win32.ActiveCfg = Debug|Win32
		{79178A69-5EED-4ED1-A065-C5140B189EA9}.Debug|Win32.Build.0 = Debug|Win32
		{79178A69-5EED-4ED1-A065-C5140B189EA9}.Release|Win32.ActiveCfg = Release|Win32
		{79178A69-5EED-4ED1-A065-C5140B189EA9}.Release|Win32.Build.0 = Release|Win32
	EndGlobalSection
	GlobalSection(SolutionProperties) = preSolution
		HideSolutionNode = FALSE
	EndGlobalSection
EndGlobal
